
Microsoft Visual Studio Solution File, Format Version 12.00
# Visual Studio Version 17
VisualStudioVersion = 17.3.32819.101
MinimumVisualStudioVersion = 10.0.40219.1
Project("{9A19103F-16F7-4668-BE54-9A1E7A4F7556}") = "Wodsoft.DocMarkdown", "Wodsoft.DocMarkdown\Wodsoft.DocMarkdown.csproj", "{DDF4BDD0-543F-42B7-8A30-C6AAB677202A}"
EndProject
Global
	GlobalSection(SolutionConfigurationPlatforms) = preSolution
		Debug|Any CPU = Debug|Any CPU
		Release|Any CPU = Release|Any CPU
	EndGlobalSection
	GlobalSection(ProjectConfigurationPlatforms) = postSolution
		{DDF4BDD0-543F-42B7-8A30-C6AAB677202A}.Debug|Any CPU.ActiveCfg = Debug|Any CPU
		{DDF4BDD0-543F-42B7-8A30-C6AAB677202A}.Debug|Any CPU.Build.0 = Debug|Any CPU
		{DDF4BDD0-543F-42B7-8A30-C6AAB677202A}.Release|Any CPU.ActiveCfg = Release|Any CPU
		{DDF4BDD0-543F-42B7-8A30-C6AAB677202A}.Release|Any CPU.Build.0 = Release|Any CPU
	EndGlobalSection
	GlobalSection(SolutionProperties) = preSolution
		HideSolutionNode = FALSE
	EndGlobalSection
	GlobalSection(ExtensibilityGlobals) = postSolution
		SolutionGuid = {AF5E8EFB-C91E-438A-9943-929960DAF3A5}
	EndGlobalSection
EndGlobal
